// !$*UTF8*$!
{
	archiveVersion = 1;
	classes = {
	};
	objectVersion = 56;
	objects = {

/* Begin PBXBuildFile section */
		AA000001 /* QuantumWatchCompanionApp.swift in Sources */ = {isa = PBXBuildFile; fileRef = AA100001 /* QuantumWatchCompanionApp.swift */; };
		AA000002 /* ContentView.swift in Sources */ = {isa = PBXBuildFile; fileRef = AA100002 /* ContentView.swift */; };
		AA000003 /* SettingsView.swift in Sources */ = {isa = PBXBuildFile; fileRef = AA100003 /* SettingsView.swift */; };
		AA000004 /* BLEManager.swift in Sources */ = {isa = PBXBuildFile; fileRef = AA100004 /* BLEManager.swift */; };
		AA000005 /* AudioDecoder.swift in Sources */ = {isa = PBXBuildFile; fileRef = AA100005 /* AudioDecoder.swift */; };
		AA000006 /* SpeechService.swift in Sources */ = {isa = PBXBuildFile; fileRef = AA100006 /* SpeechService.swift */; };
		AA000007 /* AIService.swift in Sources */ = {isa = PBXBuildFile; fileRef = AA100007 /* AIService.swift */; };
		AA000008 /* KeychainHelper.swift in Sources */ = {isa = PBXBuildFile; fileRef = AA100008 /* KeychainHelper.swift */; };
		AA000009 /* VoiceAssistantViewModel.swift in Sources */ = {isa = PBXBuildFile; fileRef = AA100009 /* VoiceAssistantViewModel.swift */; };
		AA00000B /* Theme.swift in Sources */ = {isa = PBXBuildFile; fileRef = AA10000D /* Theme.swift */; };
		AA00000A /* Assets.xcassets in Resources */ = {isa = PBXBuildFile; fileRef = AA10000A /* Assets.xcassets */; };
		AA00000C /* ContextSyncService.swift in Sources */ = {isa = PBXBuildFile; fileRef = AA10000E /* ContextSyncService.swift */; };
		AA00000D /* CallObserverService.swift in Sources */ = {isa = PBXBuildFile; fileRef = AA10000F /* CallObserverService.swift */; };
		AA00000E /* HealthSyncService.swift in Sources */ = {isa = PBXBuildFile; fileRef = AA100010 /* HealthSyncService.swift */; };
/* End PBXBuildFile section */

/* Begin PBXFileReference section */
		AA100001 /* QuantumWatchCompanionApp.swift */ = {isa = PBXFileReference; lastKnownFileType = sourcecode.swift; path = QuantumWatchCompanionApp.swift; sourceTree = "<group>"; };
		AA100002 /* ContentView.swift */ = {isa = PBXFileReference; lastKnownFileType = sourcecode.swift; path = ContentView.swift; sourceTree = "<group>"; };
		AA100003 /* SettingsView.swift */ = {isa = PBXFileReference; lastKnownFileType = sourcecode.swift; path = SettingsView.swift; sourceTree = "<group>"; };
		AA100004 /* BLEManager.swift */ = {isa = PBXFileReference; lastKnownFileType = sourcecode.swift; path = BLEManager.swift; sourceTree = "<group>"; };
		AA100005 /* AudioDecoder.swift */ = {isa = PBXFileReference; lastKnownFileType = sourcecode.swift; path = AudioDecoder.swift; sourceTree = "<group>"; };
		AA100006 /* SpeechService.swift */ = {isa = PBXFileReference; lastKnownFileType = sourcecode.swift; path = SpeechService.swift; sourceTree = "<group>"; };
		AA100007 /* AIService.swift */ = {isa = PBXFileReference; lastKnownFileType = sourcecode.swift; path = AIService.swift; sourceTree = "<group>"; };
		AA100008 /* KeychainHelper.swift */ = {isa = PBXFileReference; lastKnownFileType = sourcecode.swift; path = KeychainHelper.swift; sourceTree = "<group>"; };
		AA100009 /* VoiceAssistantViewModel.swift */ = {isa = PBXFileReference; lastKnownFileType = sourcecode.swift; path = VoiceAssistantViewModel.swift; sourceTree = "<group>"; };
		AA10000D /* Theme.swift */ = {isa = PBXFileReference; lastKnownFileType = sourcecode.swift; path = Theme.swift; sourceTree = "<group>"; };
		AA10000A /* Assets.xcassets */ = {isa = PBXFileReference; lastKnownFileType = folder.assetcatalog; path = Assets.xcassets; sourceTree = "<group>"; };
		AA10000B /* Info.plist */ = {isa = PBXFileReference; lastKnownFileType = text.plist.xml; path = Info.plist; sourceTree = "<group>"; };
		AA10000C /* QuantumWatchCompanion.app */ = {isa = PBXFileReference; explicitFileType = wrapper.application; includeInIndex = 0; path = QuantumWatchCompanion.app; sourceTree = BUILT_PRODUCTS_DIR; };
		AA10000E /* ContextSyncService.swift */ = {isa = PBXFileReference; lastKnownFileType = sourcecode.swift; path = ContextSyncService.swift; sourceTree = "<group>"; };
		AA10000F /* CallObserverService.swift */ = {isa = PBXFileReference; lastKnownFileType = sourcecode.swift; path = CallObserverService.swift; sourceTree = "<group>"; };
		AA100010 /* HealthSyncService.swift */ = {isa = PBXFileReference; lastKnownFileType = sourcecode.swift; path = HealthSyncService.swift; sourceTree = "<group>"; };
/* End PBXFileReference section */

/* Begin PBXFrameworksBuildPhase section */
		AA200001 /* Frameworks */ = {
			isa = PBXFrameworksBuildPhase;
			buildActionMask = 2147483647;
			files = (
			);
			runOnlyForDeploymentPostprocessing = 0;
		};
/* End PBXFrameworksBuildPhase section */

/* Begin PBXGroup section */
		AA300001 = {
			isa = PBXGroup;
			children = (
				AA300002 /* QuantumWatchCompanion */,
				AA300005 /* Products */,
			);
			sourceTree = "<group>";
		};
		AA300002 /* QuantumWatchCompanion */ = {
			isa = PBXGroup;
			children = (
				AA100001 /* QuantumWatchCompanionApp.swift */,
				AA100002 /* ContentView.swift */,
				AA300003 /* Views */,
				AA300004 /* Services */,
				AA10000A /* Assets.xcassets */,
				AA10000B /* Info.plist */,
			);
			path = QuantumWatchCompanion;
			sourceTree = "<group>";
		};
		AA300003 /* Views */ = {
			isa = PBXGroup;
			children = (
				AA100003 /* SettingsView.swift */,
			);
			path = Views;
			sourceTree = "<group>";
		};
		AA300004 /* Services */ = {
			isa = PBXGroup;
			children = (
				AA100004 /* BLEManager.swift */,
				AA100005 /* AudioDecoder.swift */,
				AA100006 /* SpeechService.swift */,
				AA100007 /* AIService.swift */,
				AA100008 /* KeychainHelper.swift */,
				AA100009 /* VoiceAssistantViewModel.swift */,
				AA10000D /* Theme.swift */,
				AA10000E /* ContextSyncService.swift */,
				AA10000F /* CallObserverService.swift */,
				AA100010 /* HealthSyncService.swift */,
			);
			path = Services;
			sourceTree = "<group>";
		};
		AA300005 /* Products */ = {
			isa = PBXGroup;
			children = (
				AA10000C /* QuantumWatchCompanion.app */,
			);
			name = Products;
			sourceTree = "<group>";
		};
/* End PBXGroup section */

/* Begin PBXNativeTarget section */
		AA400001 /* QuantumWatchCompanion */ = {
			isa = PBXNativeTarget;
			buildConfigurationList = AA600002 /* Build configuration list for PBXNativeTarget "QuantumWatchCompanion" */;
			buildPhases = (
				AA500001 /* Sources */,
				AA200001 /* Frameworks */,
				AA500002 /* Resources */,
			);
			buildRules = (
			);
			dependencies = (
			);
			name = QuantumWatchCompanion;
			productName = QuantumWatchCompanion;
			productReference = AA10000C /* QuantumWatchCompanion.app */;
			productType = "com.apple.product-type.application";
		};
/* End PBXNativeTarget section */

/* Begin PBXProject section */
		AA400002 /* Project object */ = {
			isa = PBXProject;
			attributes = {
				BuildIndependentTargetsInParallel = 1;
				LastSwiftUpdateCheck = 1540;
				LastUpgradeCheck = 2630;
				TargetAttributes = {
					AA400001 = {
						CreatedOnToolsVersion = 15.4;
					};
				};
			};
			buildConfigurationList = AA600001 /* Build configuration list for PBXProject "QuantumWatchCompanion" */;
			compatibilityVersion = "Xcode 14.0";
			developmentRegion = en;
			hasScannedForEncodings = 0;
			knownRegions = (
				en,
				Base,
			);
			mainGroup = AA300001;
			productRefGroup = AA300005 /* Products */;
			projectDirPath = "";
			projectRoot = "";
			targets = (
				AA400001 /* QuantumWatchCompanion */,
			);
		};
/* End PBXProject section */

/* Begin PBXResourcesBuildPhase section */
		AA500002 /* Resources */ = {
			isa = PBXResourcesBuildPhase;
			buildActionMask = 2147483647;
			files = (
				AA00000A /* Assets.xcassets in Resources */,
			);
			runOnlyForDeploymentPostprocessing = 0;
		};
/* End PBXResourcesBuildPhase section */

/* Begin PBXSourcesBuildPhase section */
		AA500001 /* Sources */ = {
			isa = PBXSourcesBuildPhase;
			buildActionMask = 2147483647;
			files = (
				AA000001 /* QuantumWatchCompanionApp.swift in Sources */,
				AA000002 /* ContentView.swift in Sources */,
				AA000003 /* SettingsView.swift in Sources */,
				AA000004 /* BLEManager.swift in Sources */,
				AA000005 /* AudioDecoder.swift in Sources */,
				AA000006 /* SpeechService.swift in Sources */,
				AA000007 /* AIService.swift in Sources */,
				AA000008 /* KeychainHelper.swift in Sources */,
				AA000009 /* VoiceAssistantViewModel.swift in Sources */,
				AA00000B /* Theme.swift in Sources */,
				AA00000C /* ContextSyncService.swift in Sources */,
				AA00000D /* CallObserverService.swift in Sources */,
				AA00000E /* HealthSyncService.swift in Sources */,
			);
			runOnlyForDeploymentPostprocessing = 0;
		};
/* End PBXSourcesBuildPhase section */

/* Begin XCBuildConfiguration section */
		AA700001 /* Debug */ = {
			isa = XCBuildConfiguration;
			buildSettings = {
				ALWAYS_SEARCH_USER_PATHS = NO;
				ASSETCATALOG_COMPILER_GENERATE_SWIFT_ASSET_SYMBOL_EXTENSIONS = YES;
				CLANG_ANALYZER_NONNULL = YES;
				CLANG_CXX_LANGUAGE_STANDARD = "gnu++20";
				CLANG_ENABLE_MODULES = YES;
				CLANG_ENABLE_OBJC_ARC = YES;
				CLANG_WARN_BLOCK_CAPTURE_AUTORELEASING = YES;
				CLANG_WARN_BOOL_CONVERSION = YES;
				CLANG_WARN_COMMA = YES;
				CLANG_WARN_CONSTANT_CONVERSION = YES;
				CLANG_WARN_DEPRECATED_OBJC_IMPLEMENTATIONS = YES;
				CLANG_WARN_EMPTY_BODY = YES;
				CLANG_WARN_ENUM_CONVERSION = YES;
				CLANG_WARN_INFINITE_RECURSION = YES;
				CLANG_WARN_INT_CONVERSION = YES;
				CLANG_WARN_NON_LITERAL_NULL_CONVERSION = YES;
				CLANG_WARN_OBJC_IMPLICIT_RETAIN_SELF = YES;
				CLANG_WARN_OBJC_LITERAL_CONVERSION = YES;
				CLANG_WARN_QUOTED_INCLUDE_IN_FRAMEWORK_HEADER = YES;
				CLANG_WARN_RANGE_LOOP_ANALYSIS = YES;
				CLANG_WARN_STRICT_PROTOTYPES = YES;
				CLANG_WARN_SUSPICIOUS_MOVE = YES;
				CLANG_WARN_UNREACHABLE_CODE = YES;
				CLANG_WARN__DUPLICATE_METHOD_MATCH = YES;
				COPY_PHASE_STRIP = NO;
				DEBUG_INFORMATION_FORMAT = dwarf;
				DEVELOPMENT_TEAM = TF5TTN84RT;
				ENABLE_STRICT_OBJC_MSGSEND = YES;
				ENABLE_TESTABILITY = YES;
				ENABLE_USER_SCRIPT_SANDBOXING = YES;
				GCC_DYNAMIC_NO_PIC = NO;
				GCC_NO_COMMON_BLOCKS = YES;
				GCC_OPTIMIZATION_LEVEL = 0;
				GCC_WARN_64_TO_32_BIT_CONVERSION = YES;
				GCC_WARN_ABOUT_RETURN_TYPE = YES_ERROR;
				GCC_WARN_UNDECLARED_SELECTOR = YES;
				GCC_WARN_UNINITIALIZED_AUTOS = YES_AGGRESSIVE;
				GCC_WARN_UNUSED_FUNCTION = YES;
				GCC_WARN_UNUSED_VARIABLE = YES;
				IPHONEOS_DEPLOYMENT_TARGET = 18.0;
				MTL_ENABLE_DEBUG_INFO = INCLUDE_SOURCE;
				ONLY_ACTIVE_ARCH = YES;
				SDKROOT = iphoneos;
				STRING_CATALOG_GENERATE_SYMBOLS = YES;
				SWIFT_ACTIVE_COMPILATION_CONDITIONS = "DEBUG $(inherited)";
				SWIFT_OPTIMIZATION_LEVEL = "-Onone";
			};
			name = Debug;
		};
		AA700002 /* Release */ = {
			isa = XCBuildConfiguration;
			buildSettings = {
				ALWAYS_SEARCH_USER_PATHS = NO;
				ASSETCATALOG_COMPILER_GENERATE_SWIFT_ASSET_SYMBOL_EXTENSIONS = YES;
				CLANG_ANALYZER_NONNULL = YES;
				CLANG_CXX_LANGUAGE_STANDARD = "gnu++20";
				CLANG_ENABLE_MODULES = YES;
				CLANG_ENABLE_OBJC_ARC = YES;
				CLANG_WARN_BLOCK_CAPTURE_AUTORELEASING = YES;
				CLANG_WARN_BOOL_CONVERSION = YES;
				CLANG_WARN_COMMA = YES;
				CLANG_WARN_CONSTANT_CONVERSION = YES;
				CLANG_WARN_DEPRECATED_OBJC_IMPLEMENTATIONS = YES;
				CLANG_WARN_EMPTY_BODY = YES;
				CLANG_WARN_ENUM_CONVERSION = YES;
				CLANG_WARN_INFINITE_RECURSION = YES;
				CLANG_WARN_INT_CONVERSION = YES;
				CLANG_WARN_NON_LITERAL_NULL_CONVERSION = YES;
				CLANG_WARN_OBJC_IMPLICIT_RETAIN_SELF = YES;
				CLANG_WARN_OBJC_LITERAL_CONVERSION = YES;
				CLANG_WARN_QUOTED_INCLUDE_IN_FRAMEWORK_HEADER = YES;
				CLANG_WARN_RANGE_LOOP_ANALYSIS = YES;
				CLANG_WARN_STRICT_PROTOTYPES = YES;
				CLANG_WARN_SUSPICIOUS_MOVE = YES;
				CLANG_WARN_UNREACHABLE_CODE = YES;
				CLANG_WARN__DUPLICATE_METHOD_MATCH = YES;
				COPY_PHASE_STRIP = NO;
				DEBUG_INFORMATION_FORMAT = "dwarf-with-dsym";
				DEVELOPMENT_TEAM = TF5TTN84RT;
				ENABLE_NS_ASSERTIONS = NO;
				ENABLE_STRICT_OBJC_MSGSEND = YES;
				ENABLE_USER_SCRIPT_SANDBOXING = YES;
				GCC_NO_COMMON_BLOCKS = YES;
				GCC_WARN_64_TO_32_BIT_CONVERSION = YES;
				GCC_WARN_ABOUT_RETURN_TYPE = YES_ERROR;
				GCC_WARN_UNDECLARED_SELECTOR = YES;
				GCC_WARN_UNINITIALIZED_AUTOS = YES_AGGRESSIVE;
				GCC_WARN_UNUSED_FUNCTION = YES;
				GCC_WARN_UNUSED_VARIABLE = YES;
				IPHONEOS_DEPLOYMENT_TARGET = 18.0;
				SDKROOT = iphoneos;
				STRING_CATALOG_GENERATE_SYMBOLS = YES;
				SWIFT_COMPILATION_MODE = wholemodule;
				VALIDATE_PRODUCT = YES;
			};
			name = Release;
		};
		AA700003 /* Debug */ = {
			isa = XCBuildConfiguration;
			buildSettings = {
				ASSETCATALOG_COMPILER_APPICON_NAME = AppIcon;
				ASSETCATALOG_COMPILER_GLOBAL_ACCENT_COLOR_NAME = AccentColor;
				CODE_SIGN_ENTITLEMENTS = QuantumWatchCompanion/QuantumWatchCompanion.entitlements;
				CODE_SIGN_STYLE = Automatic;
				CURRENT_PROJECT_VERSION = 1;
				GENERATE_INFOPLIST_FILE = NO;
				INFOPLIST_FILE = QuantumWatchCompanion/Info.plist;
				INFOPLIST_KEY_CFBundleDisplayName = QuantumWatch;
				INFOPLIST_KEY_LSApplicationCategoryType = "public.app-category.utilities";
				INFOPLIST_KEY_UIApplicationSceneManifest_Generation = NO;
				INFOPLIST_KEY_UIApplicationSupportsIndirectInputEvents = YES;
				INFOPLIST_KEY_UISupportedInterfaceOrientations = UIInterfaceOrientationPortrait;
				LD_RUNPATH_SEARCH_PATHS = (
					"$(inherited)",
					"@executable_path/Frameworks",
				);
				MARKETING_VERSION = 1.0;
				PRODUCT_BUNDLE_IDENTIFIER = com.quantumwatch.companion;
				PRODUCT_NAME = "$(TARGET_NAME)";
				SWIFT_EMIT_LOC_STRINGS = YES;
				SWIFT_VERSION = 5.0;
				TARGETED_DEVICE_FAMILY = 1;
			};
			name = Debug;
		};
		AA700004 /* Release */ = {
			isa = XCBuildConfiguration;
			buildSettings = {
				ASSETCATALOG_COMPILER_APPICON_NAME = AppIcon;
				ASSETCATALOG_COMPILER_GLOBAL_ACCENT_COLOR_NAME = AccentColor;
				CODE_SIGN_ENTITLEMENTS = QuantumWatchCompanion/QuantumWatchCompanion.entitlements;
				CODE_SIGN_STYLE = Automatic;
				CURRENT_PROJECT_VERSION = 1;
				GENERATE_INFOPLIST_FILE = NO;
				INFOPLIST_FILE = QuantumWatchCompanion/Info.plist;
				INFOPLIST_KEY_CFBundleDisplayName = QuantumWatch;
				INFOPLIST_KEY_LSApplicationCategoryType = "public.app-category.utilities";
				INFOPLIST_KEY_UIApplicationSceneManifest_Generation = NO;
				INFOPLIST_KEY_UIApplicationSupportsIndirectInputEvents = YES;
				INFOPLIST_KEY_UISupportedInterfaceOrientations = UIInterfaceOrientationPortrait;
				LD_RUNPATH_SEARCH_PATHS = (
					"$(inherited)",
					"@executable_path/Frameworks",
				);
				MARKETING_VERSION = 1.0;
				PRODUCT_BUNDLE_IDENTIFIER = com.quantumwatch.companion;
				PRODUCT_NAME = "$(TARGET_NAME)";
				SWIFT_EMIT_LOC_STRINGS = YES;
				SWIFT_VERSION = 5.0;
				TARGETED_DEVICE_FAMILY = 1;
			};
			name = Release;
		};
/* End XCBuildConfiguration section */

/* Begin XCConfigurationList section */
		AA600001 /* Build configuration list for PBXProject "QuantumWatchCompanion" */ = {
			isa = XCConfigurationList;
			buildConfigurations = (
				AA700001 /* Debug */,
				AA700002 /* Release */,
			);
			defaultConfigurationIsVisible = 0;
			defaultConfigurationName = Release;
		};
		AA600002 /* Build configuration list for PBXNativeTarget "QuantumWatchCompanion" */ = {
			isa = XCConfigurationList;
			buildConfigurations = (
				AA700003 /* Debug */,
				AA700004 /* Release */,
			);
			defaultConfigurationIsVisible = 0;
			defaultConfigurationName = Release;
		};
/* End XCConfigurationList section */
	};
	rootObject = AA400002 /* Project object */;
}
